// !$*UTF8*$!
{
	archiveVersion = 1;
	classes = {
	};
	objectVersion = 50;
	objects = {

/* Begin PBXBuildFile section */
		98B973E32608E2A9005FB648 /* AppDelegate.swift in Sources */ = {isa = PBXBuildFile; fileRef = 98B973E22608E2A9005FB648 /* AppDelegate.swift */; };
		98B973E52608E2A9005FB648 /* SceneDelegate.swift in Sources */ = {isa = PBXBuildFile; fileRef = 98B973E42608E2A9005FB648 /* SceneDelegate.swift */; };
		98B973E72608E2A9005FB648 /* ViewController.swift in Sources */ = {isa = PBXBuildFile; fileRef = 98B973E62608E2A9005FB648 /* ViewController.swift */; };
		98B973EA2608E2A9005FB648 /* Main.storyboard in Resources */ = {isa = PBXBuildFile; fileRef = 98B973E82608E2A9005FB648 /* Main.storyboard */; };
		98B973EC2608E2AE005FB648 /* Assets.xcassets in Resources */ = {isa = PBXBuildFile; fileRef = 98B973EB2608E2AE005FB648 /* Assets.xcassets */; };
		98B973EF2608E2AE005FB648 /* LaunchScreen.storyboard in Resources */ = {isa = PBXBuildFile; fileRef = 98B973ED2608E2AE005FB648 /* LaunchScreen.storyboard */; };
		98B973FA2608E2AE005FB648 /* theMovieExperienceTests.swift in Sources */ = {isa = PBXBuildFile; fileRef = 98B973F92608E2AE005FB648 /* theMovieExperienceTests.swift */; };
		98B974052608E2AF005FB648 /* theMovieExperienceUITests.swift in Sources */ = {isa = PBXBuildFile; fileRef = 98B974042608E2AF005FB648 /* theMovieExperienceUITests.swift */; };
		98B974132609E332005FB648 /* MainViewController.swift in Sources */ = {isa = PBXBuildFile; fileRef = 98B974122609E332005FB648 /* MainViewController.swift */; };
		98B97415260A0079005FB648 /* FilmsController.swift in Sources */ = {isa = PBXBuildFile; fileRef = 98B97414260A0079005FB648 /* FilmsController.swift */; };
		98B97417260A045B005FB648 /* WebViewController.swift in Sources */ = {isa = PBXBuildFile; fileRef = 98B97416260A045B005FB648 /* WebViewController.swift */; };
/* End PBXBuildFile section */

/* Begin PBXContainerItemProxy section */
		98B973F62608E2AE005FB648 /* PBXContainerItemProxy */ = {
			isa = PBXContainerItemProxy;
			containerPortal = 98B973D72608E2A9005FB648 /* Project object */;
			proxyType = 1;
			remoteGlobalIDString = 98B973DE2608E2A9005FB648;
			remoteInfo = coursIos2;
		};
		98B974012608E2AF005FB648 /* PBXContainerItemProxy */ = {
			isa = PBXContainerItemProxy;
			containerPortal = 98B973D72608E2A9005FB648 /* Project object */;
			proxyType = 1;
			remoteGlobalIDString = 98B973DE2608E2A9005FB648;
			remoteInfo = coursIos2;
		};
/* End PBXContainerItemProxy section */

/* Begin PBXFileReference section */
		98B973DF2608E2A9005FB648 /* theMovieExperience.app */ = {isa = PBXFileReference; explicitFileType = wrapper.application; includeInIndex = 0; path = theMovieExperience.app; sourceTree = BUILT_PRODUCTS_DIR; };
		98B973E22608E2A9005FB648 /* AppDelegate.swift */ = {isa = PBXFileReference; lastKnownFileType = sourcecode.swift; path = AppDelegate.swift; sourceTree = "<group>"; };
		98B973E42608E2A9005FB648 /* SceneDelegate.swift */ = {isa = PBXFileReference; lastKnownFileType = sourcecode.swift; path = SceneDelegate.swift; sourceTree = "<group>"; };
		98B973E62608E2A9005FB648 /* ViewController.swift */ = {isa = PBXFileReference; lastKnownFileType = sourcecode.swift; path = ViewController.swift; sourceTree = "<group>"; };
		98B973E92608E2A9005FB648 /* Base */ = {isa = PBXFileReference; lastKnownFileType = file.storyboard; name = Base; path = Base.lproj/Main.storyboard; sourceTree = "<group>"; };
		98B973EB2608E2AE005FB648 /* Assets.xcassets */ = {isa = PBXFileReference; lastKnownFileType = folder.assetcatalog; path = Assets.xcassets; sourceTree = "<group>"; };
		98B973EE2608E2AE005FB648 /* Base */ = {isa = PBXFileReference; lastKnownFileType = file.storyboard; name = Base; path = Base.lproj/LaunchScreen.storyboard; sourceTree = "<group>"; };
		98B973F02608E2AE005FB648 /* Info.plist */ = {isa = PBXFileReference; lastKnownFileType = text.plist.xml; path = Info.plist; sourceTree = "<group>"; };
		98B973F52608E2AE005FB648 /* theMovieExperienceTests.xctest */ = {isa = PBXFileReference; explicitFileType = wrapper.cfbundle; includeInIndex = 0; path = theMovieExperienceTests.xctest; sourceTree = BUILT_PRODUCTS_DIR; };
		98B973F92608E2AE005FB648 /* theMovieExperienceTests.swift */ = {isa = PBXFileReference; lastKnownFileType = sourcecode.swift; path = theMovieExperienceTests.swift; sourceTree = "<group>"; };
		98B973FB2608E2AF005FB648 /* Info.plist */ = {isa = PBXFileReference; lastKnownFileType = text.plist.xml; path = Info.plist; sourceTree = "<group>"; };
		98B974002608E2AF005FB648 /* theMovieExperienceUITests.xctest */ = {isa = PBXFileReference; explicitFileType = wrapper.cfbundle; includeInIndex = 0; path = theMovieExperienceUITests.xctest; sourceTree = BUILT_PRODUCTS_DIR; };
		98B974042608E2AF005FB648 /* theMovieExperienceUITests.swift */ = {isa = PBXFileReference; lastKnownFileType = sourcecode.swift; path = theMovieExperienceUITests.swift; sourceTree = "<group>"; };
		98B974062608E2AF005FB648 /* Info.plist */ = {isa = PBXFileReference; lastKnownFileType = text.plist.xml; path = Info.plist; sourceTree = "<group>"; };
		98B974122609E332005FB648 /* MainViewController.swift */ = {isa = PBXFileReference; lastKnownFileType = sourcecode.swift; path = MainViewController.swift; sourceTree = "<group>"; };
		98B97414260A0079005FB648 /* FilmsController.swift */ = {isa = PBXFileReference; lastKnownFileType = sourcecode.swift; path = FilmsController.swift; sourceTree = "<group>"; };
		98B97416260A045B005FB648 /* WebViewController.swift */ = {isa = PBXFileReference; lastKnownFileType = sourcecode.swift; path = WebViewController.swift; sourceTree = "<group>"; };
/* End PBXFileReference section */

/* Begin PBXFrameworksBuildPhase section */
		98B973DC2608E2A9005FB648 /* Frameworks */ = {
			isa = PBXFrameworksBuildPhase;
			buildActionMask = 2147483647;
			files = (
			);
			runOnlyForDeploymentPostprocessing = 0;
		};
		98B973F22608E2AE005FB648 /* Frameworks */ = {
			isa = PBXFrameworksBuildPhase;
			buildActionMask = 2147483647;
			files = (
			);
			runOnlyForDeploymentPostprocessing = 0;
		};
		98B973FD2608E2AF005FB648 /* Frameworks */ = {
			isa = PBXFrameworksBuildPhase;
			buildActionMask = 2147483647;
			files = (
			);
			runOnlyForDeploymentPostprocessing = 0;
		};
/* End PBXFrameworksBuildPhase section */

/* Begin PBXGroup section */
		98B973D62608E2A9005FB648 = {
			isa = PBXGroup;
			children = (
				98B973E12608E2A9005FB648 /* theMovieExperience */,
				98B973F82608E2AE005FB648 /* theMovieExperienceTests */,
				98B974032608E2AF005FB648 /* theMovieExperienceUITests */,
				98B973E02608E2A9005FB648 /* Products */,
			);
			sourceTree = "<group>";
		};
		98B973E02608E2A9005FB648 /* Products */ = {
			isa = PBXGroup;
			children = (
				98B973DF2608E2A9005FB648 /* theMovieExperience.app */,
				98B973F52608E2AE005FB648 /* theMovieExperienceTests.xctest */,
				98B974002608E2AF005FB648 /* theMovieExperienceUITests.xctest */,
			);
			name = Products;
			sourceTree = "<group>";
		};
		98B973E12608E2A9005FB648 /* theMovieExperience */ = {
			isa = PBXGroup;
			children = (
				98B973E22608E2A9005FB648 /* AppDelegate.swift */,
				98B973E42608E2A9005FB648 /* SceneDelegate.swift */,
				98B973E62608E2A9005FB648 /* ViewController.swift */,
				98B973E82608E2A9005FB648 /* Main.storyboard */,
				98B973EB2608E2AE005FB648 /* Assets.xcassets */,
				98B973ED2608E2AE005FB648 /* LaunchScreen.storyboard */,
				98B973F02608E2AE005FB648 /* Info.plist */,
				98B974122609E332005FB648 /* MainViewController.swift */,
				98B97414260A0079005FB648 /* FilmsController.swift */,
				98B97416260A045B005FB648 /* WebViewController.swift */,
			);
			path = theMovieExperience;
			sourceTree = "<group>";
		};
		98B973F82608E2AE005FB648 /* theMovieExperienceTests */ = {
			isa = PBXGroup;
			children = (
				98B973F92608E2AE005FB648 /* theMovieExperienceTests.swift */,
				98B973FB2608E2AF005FB648 /* Info.plist */,
			);
			path = theMovieExperienceTests;
			sourceTree = "<group>";
		};
		98B974032608E2AF005FB648 /* theMovieExperienceUITests */ = {
			isa = PBXGroup;
			children = (
				98B974042608E2AF005FB648 /* theMovieExperienceUITests.swift */,
				98B974062608E2AF005FB648 /* Info.plist */,
			);
			path = theMovieExperienceUITests;
			sourceTree = "<group>";
		};
/* End PBXGroup section */

/* Begin PBXNativeTarget section */
		98B973DE2608E2A9005FB648 /* theMovieExperience */ = {
			isa = PBXNativeTarget;
			buildConfigurationList = 98B974092608E2AF005FB648 /* Build configuration list for PBXNativeTarget "theMovieExperience" */;
			buildPhases = (
				98B973DB2608E2A9005FB648 /* Sources */,
				98B973DC2608E2A9005FB648 /* Frameworks */,
				98B973DD2608E2A9005FB648 /* Resources */,
			);
			buildRules = (
			);
			dependencies = (
			);
			name = theMovieExperience;
			productName = coursIos2;
			productReference = 98B973DF2608E2A9005FB648 /* theMovieExperience.app */;
			productType = "com.apple.product-type.application";
		};
		98B973F42608E2AE005FB648 /* theMovieExperienceTests */ = {
			isa = PBXNativeTarget;
			buildConfigurationList = 98B9740C2608E2AF005FB648 /* Build configuration list for PBXNativeTarget "theMovieExperienceTests" */;
			buildPhases = (
				98B973F12608E2AE005FB648 /* Sources */,
				98B973F22608E2AE005FB648 /* Frameworks */,
				98B973F32608E2AE005FB648 /* Resources */,
			);
			buildRules = (
			);
			dependencies = (
				98B973F72608E2AE005FB648 /* PBXTargetDependency */,
			);
			name = theMovieExperienceTests;
			productName = coursIos2Tests;
			productReference = 98B973F52608E2AE005FB648 /* theMovieExperienceTests.xctest */;
			productType = "com.apple.product-type.bundle.unit-test";
		};
		98B973FF2608E2AF005FB648 /* theMovieExperienceUITests */ = {
			isa = PBXNativeTarget;
			buildConfigurationList = 98B9740F2608E2AF005FB648 /* Build configuration list for PBXNativeTarget "theMovieExperienceUITests" */;
			buildPhases = (
				98B973FC2608E2AF005FB648 /* Sources */,
				98B973FD2608E2AF005FB648 /* Frameworks */,
				98B973FE2608E2AF005FB648 /* Resources */,
			);
			buildRules = (
			);
			dependencies = (
				98B974022608E2AF005FB648 /* PBXTargetDependency */,
			);
			name = theMovieExperienceUITests;
			productName = coursIos2UITests;
			productReference = 98B974002608E2AF005FB648 /* theMovieExperienceUITests.xctest */;
			productType = "com.apple.product-type.bundle.ui-testing";
		};
/* End PBXNativeTarget section */

/* Begin PBXProject section */
		98B973D72608E2A9005FB648 /* Project object */ = {
			isa = PBXProject;
			attributes = {
				LastSwiftUpdateCheck = 1250;
				LastUpgradeCheck = 1250;
				TargetAttributes = {
					98B973DE2608E2A9005FB648 = {
						CreatedOnToolsVersion = 12.5;
					};
					98B973F42608E2AE005FB648 = {
						CreatedOnToolsVersion = 12.5;
						TestTargetID = 98B973DE2608E2A9005FB648;
					};
					98B973FF2608E2AF005FB648 = {
						CreatedOnToolsVersion = 12.5;
						TestTargetID = 98B973DE2608E2A9005FB648;
					};
				};
			};
			buildConfigurationList = 98B973DA2608E2A9005FB648 /* Build configuration list for PBXProject "theMovieExperience" */;
			compatibilityVersion = "Xcode 9.3";
			developmentRegion = en;
			hasScannedForEncodings = 0;
			knownRegions = (
				en,
				Base,
			);
			mainGroup = 98B973D62608E2A9005FB648;
			productRefGroup = 98B973E02608E2A9005FB648 /* Products */;
			projectDirPath = "";
			projectRoot = "";
			targets = (
				98B973DE2608E2A9005FB648 /* theMovieExperience */,
				98B973F42608E2AE005FB648 /* theMovieExperienceTests */,
				98B973FF2608E2AF005FB648 /* theMovieExperienceUITests */,
			);
		};
/* End PBXProject section */

/* Begin PBXResourcesBuildPhase section */
		98B973DD2608E2A9005FB648 /* Resources */ = {
			isa = PBXResourcesBuildPhase;
			buildActionMask = 2147483647;
			files = (
				98B973EF2608E2AE005FB648 /* LaunchScreen.storyboard in Resources */,
				98B973EC2608E2AE005FB648 /* Assets.xcassets in Resources */,
				98B973EA2608E2A9005FB648 /* Main.storyboard in Resources */,
			);
			runOnlyForDeploymentPostprocessing = 0;
		};
		98B973F32608E2AE005FB648 /* Resources */ = {
			isa = PBXResourcesBuildPhase;
			buildActionMask = 2147483647;
			files = (
			);
			runOnlyForDeploymentPostprocessing = 0;
		};
		98B973FE2608E2AF005FB648 /* Resources */ = {
			isa = PBXResourcesBuildPhase;
			buildActionMask = 2147483647;
			files = (
			);
			runOnlyForDeploymentPostprocessing = 0;
		};
/* End PBXResourcesBuildPhase section */

/* Begin PBXSourcesBuildPhase section */
		98B973DB2608E2A9005FB648 /* Sources */ = {
			isa = PBXSourcesBuildPhase;
			buildActionMask = 2147483647;
			files = (
				98B973E72608E2A9005FB648 /* ViewController.swift in Sources */,
				98B97417260A045B005FB648 /* WebViewController.swift in Sources */,
				98B973E32608E2A9005FB648 /* AppDelegate.swift in Sources */,
				98B973E52608E2A9005FB648 /* SceneDelegate.swift in Sources */,
				98B97415260A0079005FB648 /* FilmsController.swift in Sources */,
				98B974132609E332005FB648 /* MainViewController.swift in Sources */,
			);
			runOnlyForDeploymentPostprocessing = 0;
		};
		98B973F12608E2AE005FB648 /* Sources */ = {
			isa = PBXSourcesBuildPhase;
			buildActionMask = 2147483647;
			files = (
				98B973FA2608E2AE005FB648 /* theMovieExperienceTests.swift in Sources */,
			);
			runOnlyForDeploymentPostprocessing = 0;
		};
		98B973FC2608E2AF005FB648 /* Sources */ = {
			isa = PBXSourcesBuildPhase;
			buildActionMask = 2147483647;
			files = (
				98B974052608E2AF005FB648 /* theMovieExperienceUITests.swift in Sources */,
			);
			runOnlyForDeploymentPostprocessing = 0;
		};
/* End PBXSourcesBuildPhase section */

/* Begin PBXTargetDependency section */
		98B973F72608E2AE005FB648 /* PBXTargetDependency */ = {
			isa = PBXTargetDependency;
			target = 98B973DE2608E2A9005FB648 /* theMovieExperience */;
			targetProxy = 98B973F62608E2AE005FB648 /* PBXContainerItemProxy */;
		};
		98B974022608E2AF005FB648 /* PBXTargetDependency */ = {
			isa = PBXTargetDependency;
			target = 98B973DE2608E2A9005FB648 /* theMovieExperience */;
			targetProxy = 98B974012608E2AF005FB648 /* PBXContainerItemProxy */;
		};
/* End PBXTargetDependency section */

/* Begin PBXVariantGroup section */
		98B973E82608E2A9005FB648 /* Main.storyboard */ = {
			isa = PBXVariantGroup;
			children = (
				98B973E92608E2A9005FB648 /* Base */,
			);
			name = Main.storyboard;
			sourceTree = "<group>";
		};
		98B973ED2608E2AE005FB648 /* LaunchScreen.storyboard */ = {
			isa = PBXVariantGroup;
			children = (
				98B973EE2608E2AE005FB648 /* Base */,
			);
			name = LaunchScreen.storyboard;
			sourceTree = "<group>";
		};
/* End PBXVariantGroup section */

/* Begin XCBuildConfiguration section */
		98B974072608E2AF005FB648 /* Debug */ = {
			isa = XCBuildConfiguration;
			buildSettings = {
				ALWAYS_SEARCH_USER_PATHS = NO;
				CLANG_ANALYZER_NONNULL = YES;
				CLANG_ANALYZER_NUMBER_OBJECT_CONVERSION = YES_AGGRESSIVE;
				CLANG_CXX_LANGUAGE_STANDARD = "gnu++14";
				CLANG_CXX_LIBRARY = "libc++";
				CLANG_ENABLE_MODULES = YES;
				CLANG_ENABLE_OBJC_ARC = YES;
				CLANG_ENABLE_OBJC_WEAK = YES;
				CLANG_WARN_BLOCK_CAPTURE_AUTORELEASING = YES;
				CLANG_WARN_BOOL_CONVERSION = YES;
				CLANG_WARN_COMMA = YES;
				CLANG_WARN_CONSTANT_CONVERSION = YES;
				CLANG_WARN_DEPRECATED_OBJC_IMPLEMENTATIONS = YES;
				CLANG_WARN_DIRECT_OBJC_ISA_USAGE = YES_ERROR;
				CLANG_WARN_DOCUMENTATION_COMMENTS = YES;
				CLANG_WARN_EMPTY_BODY = YES;
				CLANG_WARN_ENUM_CONVERSION = YES;
				CLANG_WARN_INFINITE_RECURSION = YES;
				CLANG_WARN_INT_CONVERSION = YES;
				CLANG_WARN_NON_LITERAL_NULL_CONVERSION = YES;
				CLANG_WARN_OBJC_IMPLICIT_RETAIN_SELF = YES;
				CLANG_WARN_OBJC_LITERAL_CONVERSION = YES;
				CLANG_WARN_OBJC_ROOT_CLASS = YES_ERROR;
				CLANG_WARN_QUOTED_INCLUDE_IN_FRAMEWORK_HEADER = YES;
				CLANG_WARN_RANGE_LOOP_ANALYSIS = YES;
				CLANG_WARN_STRICT_PROTOTYPES = YES;
				CLANG_WARN_SUSPICIOUS_MOVE = YES;
				CLANG_WARN_UNGUARDED_AVAILABILITY = YES_AGGRESSIVE;
				CLANG_WARN_UNREACHABLE_CODE = YES;
				CLANG_WARN__DUPLICATE_METHOD_MATCH = YES;
				COPY_PHASE_STRIP = NO;
				DEBUG_INFORMATION_FORMAT = dwarf;
				ENABLE_STRICT_OBJC_MSGSEND = YES;
				ENABLE_TESTABILITY = YES;
				GCC_C_LANGUAGE_STANDARD = gnu11;
				GCC_DYNAMIC_NO_PIC = NO;
				GCC_NO_COMMON_BLOCKS = YES;
				GCC_OPTIMIZATION_LEVEL = 0;
				GCC_PREPROCESSOR_DEFINITIONS = (
					"DEBUG=1",
					"$(inherited)",
				);
				GCC_WARN_64_TO_32_BIT_CONVERSION = YES;
				GCC_WARN_ABOUT_RETURN_TYPE = YES_ERROR;
				GCC_WARN_UNDECLARED_SELECTOR = YES;
				GCC_WARN_UNINITIALIZED_AUTOS = YES_AGGRESSIVE;
				GCC_WARN_UNUSED_FUNCTION = YES;
				GCC_WARN_UNUSED_VARIABLE = YES;
				IPHONEOS_DEPLOYMENT_TARGET = 14.5;
				MTL_ENABLE_DEBUG_INFO = INCLUDE_SOURCE;
				MTL_FAST_MATH = YES;
				ONLY_ACTIVE_ARCH = YES;
				SDKROOT = iphoneos;
				SWIFT_ACTIVE_COMPILATION_CONDITIONS = DEBUG;
				SWIFT_OPTIMIZATION_LEVEL = "-Onone";
			};
			name = Debug;
		};
		98B974082608E2AF005FB648 /* Release */ = {
			isa = XCBuildConfiguration;
			buildSettings = {
				ALWAYS_SEARCH_USER_PATHS = NO;
				CLANG_ANALYZER_NONNULL = YES;
				CLANG_ANALYZER_NUMBER_OBJECT_CONVERSION = YES_AGGRESSIVE;
				CLANG_CXX_LANGUAGE_STANDARD = "gnu++14";
				CLANG_CXX_LIBRARY = "libc++";
				CLANG_ENABLE_MODULES = YES;
				CLANG_ENABLE_OBJC_ARC = YES;
				CLANG_ENABLE_OBJC_WEAK = YES;
				CLANG_WARN_BLOCK_CAPTURE_AUTORELEASING = YES;
				CLANG_WARN_BOOL_CONVERSION = YES;
				CLANG_WARN_COMMA = YES;
				CLANG_WARN_CONSTANT_CONVERSION = YES;
				CLANG_WARN_DEPRECATED_OBJC_IMPLEMENTATIONS = YES;
				CLANG_WARN_DIRECT_OBJC_ISA_USAGE = YES_ERROR;
				CLANG_WARN_DOCUMENTATION_COMMENTS = YES;
				CLANG_WARN_EMPTY_BODY = YES;
				CLANG_WARN_ENUM_CONVERSION = YES;
				CLANG_WARN_INFINITE_RECURSION = YES;
				CLANG_WARN_INT_CONVERSION = YES;
				CLANG_WARN_NON_LITERAL_NULL_CONVERSION = YES;
				CLANG_WARN_OBJC_IMPLICIT_RETAIN_SELF = YES;
				CLANG_WARN_OBJC_LITERAL_CONVERSION = YES;
				CLANG_WARN_OBJC_ROOT_CLASS = YES_ERROR;
				CLANG_WARN_QUOTED_INCLUDE_IN_FRAMEWORK_HEADER = YES;
				CLANG_WARN_RANGE_LOOP_ANALYSIS = YES;
				CLANG_WARN_STRICT_PROTOTYPES = YES;
				CLANG_WARN_SUSPICIOUS_MOVE = YES;
				CLANG_WARN_UNGUARDED_AVAILABILITY = YES_AGGRESSIVE;
				CLANG_WARN_UNREACHABLE_CODE = YES;
				CLANG_WARN__DUPLICATE_METHOD_MATCH = YES;
				COPY_PHASE_STRIP = NO;
				DEBUG_INFORMATION_FORMAT = "dwarf-with-dsym";
				ENABLE_NS_ASSERTIONS = NO;
				ENABLE_STRICT_OBJC_MSGSEND = YES;
				GCC_C_LANGUAGE_STANDARD = gnu11;
				GCC_NO_COMMON_BLOCKS = YES;
				GCC_WARN_64_TO_32_BIT_CONVERSION = YES;
				GCC_WARN_ABOUT_RETURN_TYPE = YES_ERROR;
				GCC_WARN_UNDECLARED_SELECTOR = YES;
				GCC_WARN_UNINITIALIZED_AUTOS = YES_AGGRESSIVE;
				GCC_WARN_UNUSED_FUNCTION = YES;
				GCC_WARN_UNUSED_VARIABLE = YES;
				IPHONEOS_DEPLOYMENT_TARGET = 14.5;
				MTL_ENABLE_DEBUG_INFO = NO;
				MTL_FAST_MATH = YES;
				SDKROOT = iphoneos;
				SWIFT_COMPILATION_MODE = wholemodule;
				SWIFT_OPTIMIZATION_LEVEL = "-O";
				VALIDATE_PRODUCT = YES;
			};
			name = Release;
		};
		98B9740A2608E2AF005FB648 /* Debug */ = {
			isa = XCBuildConfiguration;
			buildSettings = {
				ASSETCATALOG_COMPILER_APPICON_NAME = AppIcon;
				ASSETCATALOG_COMPILER_GLOBAL_ACCENT_COLOR_NAME = AccentColor;
				CODE_SIGN_STYLE = Automatic;
				INFOPLIST_FILE = theMovieExperience/Info.plist;
				LD_RUNPATH_SEARCH_PATHS = (
					"$(inherited)",
					"@executable_path/Frameworks",
				);
				PRODUCT_BUNDLE_IDENTIFIER = "com.gwen.-theMovieExperience";
				PRODUCT_NAME = "$(TARGET_NAME)";
				SWIFT_VERSION = 5.0;
				TARGETED_DEVICE_FAMILY = "1,2";
			};
			name = Debug;
		};
		98B9740B2608E2AF005FB648 /* Release */ = {
			isa = XCBuildConfiguration;
			buildSettings = {
				ASSETCATALOG_COMPILER_APPICON_NAME = AppIcon;
				ASSETCATALOG_COMPILER_GLOBAL_ACCENT_COLOR_NAME = AccentColor;
				CODE_SIGN_STYLE = Automatic;
				INFOPLIST_FILE = theMovieExperience/Info.plist;
				LD_RUNPATH_SEARCH_PATHS = (
					"$(inherited)",
					"@executable_path/Frameworks",
				);
				PRODUCT_BUNDLE_IDENTIFIER = "com.gwen.-theMovieExperience";
				PRODUCT_NAME = "$(TARGET_NAME)";
				SWIFT_VERSION = 5.0;
				TARGETED_DEVICE_FAMILY = "1,2";
			};
			name = Release;
		};
		98B9740D2608E2AF005FB648 /* Debug */ = {
			isa = XCBuildConfiguration;
			buildSettings = {
				ALWAYS_EMBED_SWIFT_STANDARD_LIBRARIES = YES;
				BUNDLE_LOADER = "$(TEST_HOST)";
				CODE_SIGN_STYLE = Automatic;
				INFOPLIST_FILE = coursIos2Tests/Info.plist;
				IPHONEOS_DEPLOYMENT_TARGET = 14.5;
				LD_RUNPATH_SEARCH_PATHS = (
					"$(inherited)",
					"@executable_path/Frameworks",
					"@loader_path/Frameworks",
				);
				PRODUCT_BUNDLE_IDENTIFIER = com.gwen.coursIos2Tests;
				PRODUCT_NAME = "$(TARGET_NAME)";
				SWIFT_VERSION = 5.0;
				TARGETED_DEVICE_FAMILY = "1,2";
				TEST_HOST = "$(BUILT_PRODUCTS_DIR)/theMovieExperience.app/theMovieExperience";
			};
			name = Debug;
		};
		98B9740E2608E2AF005FB648 /* Release */ = {
			isa = XCBuildConfiguration;
			buildSettings = {
				ALWAYS_EMBED_SWIFT_STANDARD_LIBRARIES = YES;
				BUNDLE_LOADER = "$(TEST_HOST)";
				CODE_SIGN_STYLE = Automatic;
				INFOPLIST_FILE = coursIos2Tests/Info.plist;
				IPHONEOS_DEPLOYMENT_TARGET = 14.5;
				LD_RUNPATH_SEARCH_PATHS = (
					"$(inherited)",
					"@executable_path/Frameworks",
					"@loader_path/Frameworks",
				);
				PRODUCT_BUNDLE_IDENTIFIER = com.gwen.coursIos2Tests;
				PRODUCT_NAME = "$(TARGET_NAME)";
				SWIFT_VERSION = 5.0;
				TARGETED_DEVICE_FAMILY = "1,2";
				TEST_HOST = "$(BUILT_PRODUCTS_DIR)/theMovieExperience.app/theMovieExperience";
			};
			name = Release;
		};
		98B974102608E2AF005FB648 /* Debug */ = {
			isa = XCBuildConfiguration;
			buildSettings = {
				ALWAYS_EMBED_SWIFT_STANDARD_LIBRARIES = YES;
				CODE_SIGN_STYLE = Automatic;
				INFOPLIST_FILE = coursIos2UITests/Info.plist;
				LD_RUNPATH_SEARCH_PATHS = (
					"$(inherited)",
					"@executable_path/Frameworks",
					"@loader_path/Frameworks",
				);
				PRODUCT_BUNDLE_IDENTIFIER = com.gwen.coursIos2UITests;
				PRODUCT_NAME = "$(TARGET_NAME)";
				SWIFT_VERSION = 5.0;
				TARGETED_DEVICE_FAMILY = "1,2";
				TEST_TARGET_NAME = coursIos2;
			};
			name = Debug;
		};
		98B974112608E2AF005FB648 /* Release */ = {
			isa = XCBuildConfiguration;
			buildSettings = {
				ALWAYS_EMBED_SWIFT_STANDARD_LIBRARIES = YES;
				CODE_SIGN_STYLE = Automatic;
				INFOPLIST_FILE = coursIos2UITests/Info.plist;
				LD_RUNPATH_SEARCH_PATHS = (
					"$(inherited)",
					"@executable_path/Frameworks",
					"@loader_path/Frameworks",
				);
				PRODUCT_BUNDLE_IDENTIFIER = com.gwen.coursIos2UITests;
				PRODUCT_NAME = "$(TARGET_NAME)";
				SWIFT_VERSION = 5.0;
				TARGETED_DEVICE_FAMILY = "1,2";
				TEST_TARGET_NAME = coursIos2;
			};
			name = Release;
		};
/* End XCBuildConfiguration section */

/* Begin XCConfigurationList section */
		98B973DA2608E2A9005FB648 /* Build configuration list for PBXProject "theMovieExperience" */ = {
			isa = XCConfigurationList;
			buildConfigurations = (
				98B974072608E2AF005FB648 /* Debug */,
				98B974082608E2AF005FB648 /* Release */,
			);
			defaultConfigurationIsVisible = 0;
			defaultConfigurationName = Release;
		};
		98B974092608E2AF005FB648 /* Build configuration list for PBXNativeTarget "theMovieExperience" */ = {
			isa = XCConfigurationList;
			buildConfigurations = (
				98B9740A2608E2AF005FB648 /* Debug */,
				98B9740B2608E2AF005FB648 /* Release */,
			);
			defaultConfigurationIsVisible = 0;
			defaultConfigurationName = Release;
		};
		98B9740C2608E2AF005FB648 /* Build configuration list for PBXNativeTarget "theMovieExperienceTests" */ = {
			isa = XCConfigurationList;
			buildConfigurations = (
				98B9740D2608E2AF005FB648 /* Debug */,
				98B9740E2608E2AF005FB648 /* Release */,
			);
			defaultConfigurationIsVisible = 0;
			defaultConfigurationName = Release;
		};
		98B9740F2608E2AF005FB648 /* Build configuration list for PBXNativeTarget "theMovieExperienceUITests" */ = {
			isa = XCConfigurationList;
			buildConfigurations = (
				98B974102608E2AF005FB648 /* Debug */,
				98B974112608E2AF005FB648 /* Release */,
			);
			defaultConfigurationIsVisible = 0;
			defaultConfigurationName = Release;
		};
/* End XCConfigurationList section */
	};
	rootObject = 98B973D72608E2A9005FB648 /* Project object */;
}
